{
  "name": "governor-initiative-exercise",
  "version": "1.0.0",
  "lockfileVersion": 3,
  "requires": true,
  "packages": {
    "": {
      "name": "governor-initiative-exercise",
      "version": "1.0.0",
      "license": "ISC",
      "dependencies": {
        "compiler": "^0.1.2",
        "includes": "^0.0.7",
        "lib": "^5.1.0",
        "option": "^0.2.4",
        "target": "^0.0.2"
      }
    },
    "node_modules/compiler": {
      "version": "0.1.2",
      "resolved": "https://registry.npmjs.org/compiler/-/compiler-0.1.2.tgz",
      "integrity": "sha512-Ztsq1FV9ggQQFCekdo+DuRra/t4i+CfmXIbtKfRJl0JwqJDzGRJ6XVdYcA+3O63wEeFGgVnwMkmoxa18G/ic2A==",
      "dependencies": {
        "node-file": "*"
      },
      "engines": {
        "node": "*"
      }
    },
    "node_modules/frames": {
      "version": "0.0.1",
      "resolved": "https://registry.npmjs.org/frames/-/frames-0.0.1.tgz",
      "integrity": "sha512-RBKnqjFZpIkPXPXfNVwdJOM0PadtzrNmrKJ3+LXwqy0iaYO6ASnpJ4n/WR2NZ5cpsj3rZn7dldqfDL/OwDhf9Q=="
    },
    "node_modules/functional.js": {
      "version": "0.6.16",
      "resolved": "https://registry.npmjs.org/functional.js/-/functional.js-0.6.16.tgz",
      "integrity": "sha512-WDtBOEhQLa+s/1XyOsElhwXiQCMSipqSevaTmpEZzV8bDSNAExbr08NeG8Qkr/PSQbxhyZzFx/CmFJutAG1S0A==",
      "engines": {
        "node": ">= 0.8.x"
      }
    },
    "node_modules/includes": {
      "version": "0.0.7",
      "resolved": "https://registry.npmjs.org/includes/-/includes-0.0.7.tgz",
      "integrity": "sha512-EoYTTtYs4gGDD9WfgvK8FlTxuhaYOPGHEt6DtOpPwgUNclDumQMvQzEKKjVLw8yiEIlQ53QN6z7gUtOz4Xju+A==",
      "dependencies": {
        "functional.js": "~0.6.x"
      },
      "engines": {
        "node": ">= 0.8.x"
      }
    },
    "node_modules/lib": {
      "version": "5.1.0",
      "resolved": "https://registry.npmjs.org/lib/-/lib-5.1.0.tgz",
      "integrity": "sha512-RqaGSpLSf6vtSls86+kUqMuQkNiXLtUFbKrh/mKOuZmi3ENJOXHsScw8/grKOLzDgYTgOvpFPGgmNsEh5f2yuA==",
      "engines": {
        "node": ">=4.0.0"
      }
    },
    "node_modules/node-file": {
      "version": "0.1.1",
      "resolved": "https://registry.npmjs.org/node-file/-/node-file-0.1.1.tgz",
      "integrity": "sha512-8CFAtzSihkAhyRUEeGPCS/5c4WYuxNmwqXRnFTAV8r3jAiw6RqXgTeYXfnLGu/PvGIVKeEyxLFW0ASD/y9DMkw==",
      "engines": {
        "node": "*"
      }
    },
    "node_modules/option": {
      "version": "0.2.4",
      "resolved": "https://registry.npmjs.org/option/-/option-0.2.4.tgz",
      "integrity": "sha512-pkEqbDyl8ou5cpq+VsnQbe/WlEy5qS7xPzMS1U55OCG9KPvwFD46zDbxQIj3egJSFc3D+XhYOPUzz49zQAVy7A=="
    },
    "node_modules/target": {
      "version": "0.0.2",
      "resolved": "https://registry.npmjs.org/target/-/target-0.0.2.tgz",
      "integrity": "sha512-GhUCitcanA2k8Mkmep/jmv9uor8lOq7RC8OM7OuY/yfvdqWs0jojT3VBHKnYSSy/MQ12lCP1rlIaemAGI/f8fQ==",
      "dependencies": {
        "frames": "0.0.x"
      }
    }
  }
}
